# This file is automatically @generated by Cargo.
# It is not intended for manual editing.
version = 3

[[package]]
name = "ehlcd2d"
version = "0.1.1"
dependencies = [
 "embedded-hal",
 "embedded-hal-async",
 "embedded-io-async",
]

[[package]]
name = "embedded-hal"
version = "1.0.0"
source = "registry+https://github.com/rust-lang/crates.io-index"
checksum = "361a90feb7004eca4019fb28352a9465666b24f840f5c3cddf0ff13920590b89"

[[package]]
name = "embedded-hal-async"
version = "1.0.0"
source = "registry+https://github.com/rust-lang/crates.io-index"
checksum = "0c4c685bbef7fe13c3c6dd4da26841ed3980ef33e841cddfa15ce8a8fb3f1884"
dependencies = [
 "embedded-hal",
]

[[package]]
name = "embedded-io"
version = "0.6.1"
source = "registry+https://github.com/rust-lang/crates.io-index"
checksum = "edd0f118536f44f5ccd48bcb8b111bdc3de888b58c74639dfb034a357d0f206d"

[[package]]
name = "embedded-io-async"
version = "0.6.1"
source = "registry+https://github.com/rust-lang/crates.io-index"
checksum = "3ff09972d4073aa8c299395be75161d582e7629cd663171d62af73c8d50dba3f"
dependencies = [
 "embedded-io",
]
